# THIS IS AN AUTOGENERATED FILE. DO NOT EDIT THIS FILE DIRECTLY.
# yarn lockfile v1


crocks@^0.8.3:
  version "0.8.3"
  resolved "https://registry.yarnpkg.com/crocks/-/crocks-0.8.3.tgz#bd1f18ac2059014ea69f5412b179e421393dcb9f"

immutable-ext@^1.1.2:
  version "1.1.2"
  resolved "https://registry.yarnpkg.com/immutable-ext/-/immutable-ext-1.1.2.tgz#051e20c19bc58609b8d939194cd105c1c58d152f"

immutable@^3.8.2:
  version "3.8.2"
  resolved "https://registry.yarnpkg.com/immutable/-/immutable-3.8.2.tgz#c2439951455bb39913daf281376f1530e104adf3"

ramda@^0.25.0:
  version "0.25.0"
  resolved "https://registry.yarnpkg.com/ramda/-/ramda-0.25.0.tgz#8fdf68231cffa90bc2f9460390a0cb74a29b29a9"
